
Microsoft Visual Studio Solution File, Format Version 12.00
# Visual Studio Version 16
VisualStudioVersion = 16.0.29911.84
MinimumVisualStudioVersion = 10.0.40219.1
Project("{9A19103F-16F7-4668-BE54-9A1E7A4F7556}") = "CornSeedTesting", "CornSeedTesting\CornSeedTesting.csproj", "{18BCC269-2829-4FF7-9562-E5D0537A4522}"
EndProject
Project("{9A19103F-16F7-4668-BE54-9A1E7A4F7556}") = "QA.Utilities", "QA.Utilities\QA.Utilities.csproj", "{EF26A8A5-A203-4709-942C-DFD9D6D79DAB}"
EndProject
Project("{FAE04EC0-301F-11D3-BF4B-00C04F79EFBC}") = "QA.DataDriven", "QA.DataDriven\QA.DataDriven.csproj", "{4FE8D408-ECFD-4F61-B98F-9ADECAD21809}"
EndProject
Global
	GlobalSection(SolutionConfigurationPlatforms) = preSolution
		Debug|Any CPU = Debug|Any CPU
		Release|Any CPU = Release|Any CPU
	EndGlobalSection
	GlobalSection(ProjectConfigurationPlatforms) = postSolution
		{18BCC269-2829-4FF7-9562-E5D0537A4522}.Debug|Any CPU.ActiveCfg = Debug|Any CPU
		{18BCC269-2829-4FF7-9562-E5D0537A4522}.Debug|Any CPU.Build.0 = Debug|Any CPU
		{18BCC269-2829-4FF7-9562-E5D0537A4522}.Release|Any CPU.ActiveCfg = Release|Any CPU
		{18BCC269-2829-4FF7-9562-E5D0537A4522}.Release|Any CPU.Build.0 = Release|Any CPU
		{EF26A8A5-A203-4709-942C-DFD9D6D79DAB}.Debug|Any CPU.ActiveCfg = Debug|Any CPU
		{EF26A8A5-A203-4709-942C-DFD9D6D79DAB}.Debug|Any CPU.Build.0 = Debug|Any CPU
		{EF26A8A5-A203-4709-942C-DFD9D6D79DAB}.Release|Any CPU.ActiveCfg = Release|Any CPU
		{EF26A8A5-A203-4709-942C-DFD9D6D79DAB}.Release|Any CPU.Build.0 = Release|Any CPU
		{4FE8D408-ECFD-4F61-B98F-9ADECAD21809}.Debug|Any CPU.ActiveCfg = Debug|Any CPU
		{4FE8D408-ECFD-4F61-B98F-9ADECAD21809}.Debug|Any CPU.Build.0 = Debug|Any CPU
		{4FE8D408-ECFD-4F61-B98F-9ADECAD21809}.Release|Any CPU.ActiveCfg = Release|Any CPU
		{4FE8D408-ECFD-4F61-B98F-9ADECAD21809}.Release|Any CPU.Build.0 = Release|Any CPU
	EndGlobalSection
	GlobalSection(SolutionProperties) = preSolution
		HideSolutionNode = FALSE
	EndGlobalSection
	GlobalSection(ExtensibilityGlobals) = postSolution
		SolutionGuid = {A364A55C-44E5-4E37-80C0-85C78CC15409}
	EndGlobalSection
EndGlobal
